
Microsoft Visual Studio Solution File, Format Version 12.00
# Visual Studio Version 16
VisualStudioVersion = 16.0.31729.503
MinimumVisualStudioVersion = 10.0.40219.1
Project("{FAE04EC0-301F-11D3-BF4B-00C04F79EFBC}") = "IndianStateCensusAnalyser", "IndianStateCensusAnalyser\IndianStateCensusAnalyser.csproj", "{4ECC967A-6476-49C3-AD6C-C167A22652D7}"
EndProject
Project("{FAE04EC0-301F-11D3-BF4B-00C04F79EFBC}") = "CensualAnalyserTest", "CensualAnalyserTest\CensualAnalyserTest.csproj", "{FC68C986-2A8E-4B6D-A5B2-E687408E07B7}"
EndProject
Global
	GlobalSection(SolutionConfigurationPlatforms) = preSolution
		Debug|Any CPU = Debug|Any CPU
		Release|Any CPU = Release|Any CPU
	EndGlobalSection
	GlobalSection(ProjectConfigurationPlatforms) = postSolution
		{4ECC967A-6476-49C3-AD6C-C167A22652D7}.Debug|Any CPU.ActiveCfg = Debug|Any CPU
		{4ECC967A-6476-49C3-AD6C-C167A22652D7}.Debug|Any CPU.Build.0 = Debug|Any CPU
		{4ECC967A-6476-49C3-AD6C-C167A22652D7}.Release|Any CPU.ActiveCfg = Release|Any CPU
		{4ECC967A-6476-49C3-AD6C-C167A22652D7}.Release|Any CPU.Build.0 = Release|Any CPU
		{FC68C986-2A8E-4B6D-A5B2-E687408E07B7}.Debug|Any CPU.ActiveCfg = Debug|Any CPU
		{FC68C986-2A8E-4B6D-A5B2-E687408E07B7}.Debug|Any CPU.Build.0 = Debug|Any CPU
		{FC68C986-2A8E-4B6D-A5B2-E687408E07B7}.Release|Any CPU.ActiveCfg = Release|Any CPU
		{FC68C986-2A8E-4B6D-A5B2-E687408E07B7}.Release|Any CPU.Build.0 = Release|Any CPU
	EndGlobalSection
	GlobalSection(SolutionProperties) = preSolution
		HideSolutionNode = FALSE
	EndGlobalSection
	GlobalSection(ExtensibilityGlobals) = postSolution
		SolutionGuid = {48F78AC6-C1C3-4264-A027-876E8C41CA8F}
	EndGlobalSection
EndGlobal
